{
  "name": "aaronz",
  "version": "1.0.0",
  "lockfileVersion": 3,
  "requires": true,
  "packages": {
    "": {
      "name": "aaronz",
      "version": "1.0.0",
      "license": "ISC",
      "dependencies": {
        "@fontsource-variable/dm-sans": "^5.3.0",
        "@fontsource-variable/manrope": "^5.3.0",
        "@fontsource-variable/plus-jakarta-sans": "^5.3.0",
        "@fontsource/instrument-serif": "^5.3.0",
        "reveal.js": "^6.0.2"
      },
      "devDependencies": {
        "@playwright/test": "^1.63.0"
      }
    },
    "node_modules/@fontsource-variable/dm-sans": {
      "version": "5.3.0",
      "resolved": "https://registry.npmjs.org/@fontsource-variable/dm-sans/-/dm-sans-5.3.0.tgz",
      "integrity": "sha512-BpUG5bqePiDFMBM4ZtLSlPdAIOM990uB1dlXzIf4aw21yQR7BmykedLXXXMqGWsR18aMLOsbWccwJNh3ztTQaA==",
      "license": "OFL-1.1",
      "funding": {
        "url": "https://github.com/sponsors/ayuhito"
      }
    },
    "node_modules/@fontsource-variable/manrope": {
      "version": "5.3.0",
      "resolved": "https://registry.npmjs.org/@fontsource-variable/manrope/-/manrope-5.3.0.tgz",
      "integrity": "sha512-6D5dgokHsWDDMtmXHznKa0hK229NN+1a4BLPmUCLqcO1Pw5EEhWY5RFt0AcXnVRAljFFPfRtLkJePQj6LSsV6g==",
      "license": "OFL-1.1",
      "funding": {
        "url": "https://github.com/sponsors/ayuhito"
      }
    },
    "node_modules/@fontsource-variable/plus-jakarta-sans": {
      "version": "5.3.0",
      "resolved": "https://registry.npmjs.org/@fontsource-variable/plus-jakarta-sans/-/plus-jakarta-sans-5.3.0.tgz",
      "integrity": "sha512-/l/4r0yyWK9JzAlmA0LiYgGgmJe/Gswt4jTJEzr5QhJfwMbvJZDmYWyW0M4X7yCK69BajMVlV/Lx8g7WDc1+sw==",
      "license": "OFL-1.1",
      "funding": {
        "url": "https://github.com/sponsors/ayuhito"
      }
    },
    "node_modules/@fontsource/instrument-serif": {
      "version": "5.3.0",
      "resolved": "https://registry.npmjs.org/@fontsource/instrument-serif/-/instrument-serif-5.3.0.tgz",
      "integrity": "sha512-mDiaIg0u67sYV59fie92Wz4sM8UiVlbL7fLxnFPCKkX15DMASEnQTREbaP5S5/3DCcsoAOcQ0sV9E4AeY4QqYQ==",
      "license": "OFL-1.1",
      "funding": {
        "url": "https://github.com/sponsors/ayuhito"
      }
    },
    "node_modules/@playwright/test": {
      "version": "1.63.0",
      "resolved": "https://registry.npmjs.org/@playwright/test/-/test-1.63.0.tgz",
      "integrity": "sha512-oxMK4vllB9RK5NQ2l1pq1IfOf2AvnEuj/vYGDj0H2nMtmtZpKtCwt/l00GEO6xjGfpBNAvjovvYdCm50dRQkpQ==",
      "dev": true,
      "license": "Apache-2.0",
      "dependencies": {
        "playwright": "1.63.0"
      },
      "bin": {
        "playwright": "cli.js"
      },
      "engines": {
        "node": ">=20"
      }
    },
    "node_modules/playwright": {
      "version": "1.63.0",
      "resolved": "https://registry.npmjs.org/playwright/-/playwright-1.63.0.tgz",
      "integrity": "sha512-+7ziBLidS4NaNCdt57SUDT+wYmmd5fmiQejUic/kb+YsYSCPyOOE9sebzMjNmQrsnNpDJqd4WHvV/8lfKfUDUg==",
      "dev": true,
      "license": "Apache-2.0",
      "dependencies": {
        "playwright-core": "1.63.0"
      },
      "bin": {
        "playwright": "cli.js"
      },
      "engines": {
        "node": ">=20"
      }
    },
    "node_modules/playwright-core": {
      "version": "1.63.0",
      "resolved": "https://registry.npmjs.org/playwright-core/-/playwright-core-1.63.0.tgz",
      "integrity": "sha512-rYCsBF/M5HjUch52bbtVONEFjv6Xu8sm8h72dNlR5bzIE1fvC/bxgspzkjSfU+MweEMmPM8KJebG6nnyxo5mCg==",
      "dev": true,
      "license": "Apache-2.0",
      "bin": {
        "playwright-core": "cli.js"
      },
      "engines": {
        "node": ">=20"
      }
    },
    "node_modules/reveal.js": {
      "version": "6.0.2",
      "resolved": "https://registry.npmjs.org/reveal.js/-/reveal.js-6.0.2.tgz",
      "integrity": "sha512-JYIg5D9aoxoaLeb84O+OvAwsKWdIavVgEDScxtYEXFCT6t6TQrhNtSgogcjdCpdLsWglhJn3zyE3fUOwiH5KEg==",
      "license": "MIT"
    }
  }
}
